
Microsoft Visual Studio Solution File, Format Version 12.00
Project("{F2A71F9B-5D33-465A-A702-920D77279786}") = "IsomFolio.Core", "IsomFolio.Core\IsomFolio.Core.fsproj", "{A1C305EE-1111-4244-A3AD-62B98377F0F1}"
EndProject
Project("{F2A71F9B-5D33-465A-A702-920D77279786}") = "IsomFolio", "IsomFolio\IsomFolio.fsproj", "{D1B305EE-0289-4244-A3AD-62B98377F0FA}"
EndProject
Project("{F2A71F9B-5D33-465A-A702-920D77279786}") = "IsomFolio.Tests", "IsomFolio.Tests\IsomFolio.Tests.fsproj", "{B2D305EE-2222-4244-A3AD-62B98377F0F2}"
EndProject
Project("{F2A71F9B-5D33-465A-A702-920D77279786}") = "IsomFolio.Core.Tests", "IsomFolio.Core.Tests\IsomFolio.Core.Tests.fsproj", "{28559897-5DF1-45ED-A967-83FA2FA8660B}"
EndProject
Project("{F2A71F9B-5D33-465A-A702-920D77279786}") = "IsomFolio.Core.Benchmarks", "IsomFolio.Core.Benchmarks\IsomFolio.Core.Benchmarks.fsproj", "{EDCD4C92-01ED-4503-BED9-776D6E973E3A}"
EndProject
Global
	GlobalSection(SolutionConfigurationPlatforms) = preSolution
		Debug|Any CPU = Debug|Any CPU
		Debug|x64 = Debug|x64
		Debug|x86 = Debug|x86
		Release|Any CPU = Release|Any CPU
		Release|x64 = Release|x64
		Release|x86 = Release|x86
	EndGlobalSection
	GlobalSection(ProjectConfigurationPlatforms) = postSolution
		{A1C305EE-1111-4244-A3AD-62B98377F0F1}.Debug|Any CPU.ActiveCfg = Debug|Any CPU
		{A1C305EE-1111-4244-A3AD-62B98377F0F1}.Debug|Any CPU.Build.0 = Debug|Any CPU
		{A1C305EE-1111-4244-A3AD-62B98377F0F1}.Debug|x64.ActiveCfg = Debug|Any CPU
		{A1C305EE-1111-4244-A3AD-62B98377F0F1}.Debug|x64.Build.0 = Debug|Any CPU
		{A1C305EE-1111-4244-A3AD-62B98377F0F1}.Debug|x86.ActiveCfg = Debug|Any CPU
		{A1C305EE-1111-4244-A3AD-62B98377F0F1}.Debug|x86.Build.0 = Debug|Any CPU
		{A1C305EE-1111-4244-A3AD-62B98377F0F1}.Release|Any CPU.ActiveCfg = Release|Any CPU
		{A1C305EE-1111-4244-A3AD-62B98377F0F1}.Release|Any CPU.Build.0 = Release|Any CPU
		{A1C305EE-1111-4244-A3AD-62B98377F0F1}.Release|x64.ActiveCfg = Release|Any CPU
		{A1C305EE-1111-4244-A3AD-62B98377F0F1}.Release|x64.Build.0 = Release|Any CPU
		{A1C305EE-1111-4244-A3AD-62B98377F0F1}.Release|x86.ActiveCfg = Release|Any CPU
		{A1C305EE-1111-4244-A3AD-62B98377F0F1}.Release|x86.Build.0 = Release|Any CPU
		{D1B305EE-0289-4244-A3AD-62B98377F0FA}.Debug|Any CPU.ActiveCfg = Debug|Any CPU
		{D1B305EE-0289-4244-A3AD-62B98377F0FA}.Debug|Any CPU.Build.0 = Debug|Any CPU
		{D1B305EE-0289-4244-A3AD-62B98377F0FA}.Debug|x64.ActiveCfg = Debug|Any CPU
		{D1B305EE-0289-4244-A3AD-62B98377F0FA}.Debug|x64.Build.0 = Debug|Any CPU
		{D1B305EE-0289-4244-A3AD-62B98377F0FA}.Debug|x86.ActiveCfg = Debug|Any CPU
		{D1B305EE-0289-4244-A3AD-62B98377F0FA}.Debug|x86.Build.0 = Debug|Any CPU
		{D1B305EE-0289-4244-A3AD-62B98377F0FA}.Release|Any CPU.ActiveCfg = Release|Any CPU
		{D1B305EE-0289-4244-A3AD-62B98377F0FA}.Release|Any CPU.Build.0 = Release|Any CPU
		{D1B305EE-0289-4244-A3AD-62B98377F0FA}.Release|x64.ActiveCfg = Release|Any CPU
		{D1B305EE-0289-4244-A3AD-62B98377F0FA}.Release|x64.Build.0 = Release|Any CPU
		{D1B305EE-0289-4244-A3AD-62B98377F0FA}.Release|x86.ActiveCfg = Release|Any CPU
		{D1B305EE-0289-4244-A3AD-62B98377F0FA}.Release|x86.Build.0 = Release|Any CPU
		{B2D305EE-2222-4244-A3AD-62B98377F0F2}.Debug|Any CPU.ActiveCfg = Debug|Any CPU
		{B2D305EE-2222-4244-A3AD-62B98377F0F2}.Debug|Any CPU.Build.0 = Debug|Any CPU
		{B2D305EE-2222-4244-A3AD-62B98377F0F2}.Debug|x64.ActiveCfg = Debug|Any CPU
		{B2D305EE-2222-4244-A3AD-62B98377F0F2}.Debug|x64.Build.0 = Debug|Any CPU
		{B2D305EE-2222-4244-A3AD-62B98377F0F2}.Debug|x86.ActiveCfg = Debug|Any CPU
		{B2D305EE-2222-4244-A3AD-62B98377F0F2}.Debug|x86.Build.0 = Debug|Any CPU
		{B2D305EE-2222-4244-A3AD-62B98377F0F2}.Release|Any CPU.ActiveCfg = Release|Any CPU
		{B2D305EE-2222-4244-A3AD-62B98377F0F2}.Release|Any CPU.Build.0 = Release|Any CPU
		{B2D305EE-2222-4244-A3AD-62B98377F0F2}.Release|x64.ActiveCfg = Release|Any CPU
		{B2D305EE-2222-4244-A3AD-62B98377F0F2}.Release|x64.Build.0 = Release|Any CPU
		{B2D305EE-2222-4244-A3AD-62B98377F0F2}.Release|x86.ActiveCfg = Release|Any CPU
		{B2D305EE-2222-4244-A3AD-62B98377F0F2}.Release|x86.Build.0 = Release|Any CPU
		{28559897-5DF1-45ED-A967-83FA2FA8660B}.Debug|Any CPU.ActiveCfg = Debug|Any CPU
		{28559897-5DF1-45ED-A967-83FA2FA8660B}.Debug|Any CPU.Build.0 = Debug|Any CPU
		{28559897-5DF1-45ED-A967-83FA2FA8660B}.Debug|x64.ActiveCfg = Debug|Any CPU
		{28559897-5DF1-45ED-A967-83FA2FA8660B}.Debug|x64.Build.0 = Debug|Any CPU
		{28559897-5DF1-45ED-A967-83FA2FA8660B}.Debug|x86.ActiveCfg = Debug|Any CPU
		{28559897-5DF1-45ED-A967-83FA2FA8660B}.Debug|x86.Build.0 = Debug|Any CPU
		{28559897-5DF1-45ED-A967-83FA2FA8660B}.Release|Any CPU.ActiveCfg = Release|Any CPU
		{28559897-5DF1-45ED-A967-83FA2FA8660B}.Release|Any CPU.Build.0 = Release|Any CPU
		{28559897-5DF1-45ED-A967-83FA2FA8660B}.Release|x64.ActiveCfg = Release|Any CPU
		{28559897-5DF1-45ED-A967-83FA2FA8660B}.Release|x64.Build.0 = Release|Any CPU
		{28559897-5DF1-45ED-A967-83FA2FA8660B}.Release|x86.ActiveCfg = Release|Any CPU
		{28559897-5DF1-45ED-A967-83FA2FA8660B}.Release|x86.Build.0 = Release|Any CPU
		{EDCD4C92-01ED-4503-BED9-776D6E973E3A}.Debug|Any CPU.ActiveCfg = Debug|Any CPU
		{EDCD4C92-01ED-4503-BED9-776D6E973E3A}.Debug|Any CPU.Build.0 = Debug|Any CPU
		{EDCD4C92-01ED-4503-BED9-776D6E973E3A}.Debug|x64.ActiveCfg = Debug|Any CPU
		{EDCD4C92-01ED-4503-BED9-776D6E973E3A}.Debug|x64.Build.0 = Debug|Any CPU
		{EDCD4C92-01ED-4503-BED9-776D6E973E3A}.Debug|x86.ActiveCfg = Debug|Any CPU
		{EDCD4C92-01ED-4503-BED9-776D6E973E3A}.Debug|x86.Build.0 = Debug|Any CPU
		{EDCD4C92-01ED-4503-BED9-776D6E973E3A}.Release|Any CPU.ActiveCfg = Release|Any CPU
		{EDCD4C92-01ED-4503-BED9-776D6E973E3A}.Release|Any CPU.Build.0 = Release|Any CPU
		{EDCD4C92-01ED-4503-BED9-776D6E973E3A}.Release|x64.ActiveCfg = Release|Any CPU
		{EDCD4C92-01ED-4503-BED9-776D6E973E3A}.Release|x64.Build.0 = Release|Any CPU
		{EDCD4C92-01ED-4503-BED9-776D6E973E3A}.Release|x86.ActiveCfg = Release|Any CPU
		{EDCD4C92-01ED-4503-BED9-776D6E973E3A}.Release|x86.Build.0 = Release|Any CPU
	EndGlobalSection
	GlobalSection(SolutionProperties) = preSolution
		HideSolutionNode = FALSE
	EndGlobalSection
EndGlobal
