
Microsoft Visual Studio Solution File, Format Version 12.00
Project("{F2A71F9B-5D33-465A-A702-920D77279786}") = "IsomFolio.Core", "IsomFolio.Core\IsomFolio.Core.fsproj", "{A1C305EE-1111-4244-A3AD-62B98377F0F1}"
EndProject
Project("{F2A71F9B-5D33-465A-A702-920D77279786}") = "IsomFolio.App", "IsomFolio.App\IsomFolio.App.fsproj", "{D1B305EE-0289-4244-A3AD-62B98377F0FA}"
EndProject
Project("{F2A71F9B-5D33-465A-A702-920D77279786}") = "IsomFolio.App.Tests", "IsomFolio.App.Tests\IsomFolio.App.Tests.fsproj", "{B2D305EE-2222-4244-A3AD-62B98377F0F2}"
EndProject
Project("{F2A71F9B-5D33-465A-A702-920D77279786}") = "IsomFolio.Core.Tests", "IsomFolio.Core.Tests\IsomFolio.Core.Tests.fsproj", "{28559897-5DF1-45ED-A967-83FA2FA8660B}"
EndProject
Project("{F2A71F9B-5D33-465A-A702-920D77279786}") = "IsomFolio.Platform.Mac", "IsomFolio.Platform.Mac\IsomFolio.Platform.Mac.fsproj", "{61A84FFB-6C65-464F-8BCA-FB5B6C4A7D86}"
EndProject
Project("{F2A71F9B-5D33-465A-A702-920D77279786}") = "IsomFolio.Platform.Mac.Tests", "IsomFolio.Platform.Mac.Tests\IsomFolio.Platform.Mac.Tests.fsproj", "{4B87EEF4-4647-4406-9886-4F01EAE111B2}"
EndProject
Global
	GlobalSection(SolutionConfigurationPlatforms) = preSolution
		Debug|Any CPU = Debug|Any CPU
		Release|Any CPU = Release|Any CPU
	EndGlobalSection
	GlobalSection(ProjectConfigurationPlatforms) = postSolution
		{A1C305EE-1111-4244-A3AD-62B98377F0F1}.Debug|Any CPU.ActiveCfg = Debug|Any CPU
		{A1C305EE-1111-4244-A3AD-62B98377F0F1}.Debug|Any CPU.Build.0 = Debug|Any CPU
		{A1C305EE-1111-4244-A3AD-62B98377F0F1}.Release|Any CPU.ActiveCfg = Release|Any CPU
		{A1C305EE-1111-4244-A3AD-62B98377F0F1}.Release|Any CPU.Build.0 = Release|Any CPU
		{D1B305EE-0289-4244-A3AD-62B98377F0FA}.Debug|Any CPU.ActiveCfg = Debug|Any CPU
		{D1B305EE-0289-4244-A3AD-62B98377F0FA}.Debug|Any CPU.Build.0 = Debug|Any CPU
		{D1B305EE-0289-4244-A3AD-62B98377F0FA}.Release|Any CPU.ActiveCfg = Release|Any CPU
		{D1B305EE-0289-4244-A3AD-62B98377F0FA}.Release|Any CPU.Build.0 = Release|Any CPU
		{B2D305EE-2222-4244-A3AD-62B98377F0F2}.Debug|Any CPU.ActiveCfg = Debug|Any CPU
		{B2D305EE-2222-4244-A3AD-62B98377F0F2}.Debug|Any CPU.Build.0 = Debug|Any CPU
		{B2D305EE-2222-4244-A3AD-62B98377F0F2}.Release|Any CPU.ActiveCfg = Release|Any CPU
		{B2D305EE-2222-4244-A3AD-62B98377F0F2}.Release|Any CPU.Build.0 = Release|Any CPU
		{28559897-5DF1-45ED-A967-83FA2FA8660B}.Debug|Any CPU.ActiveCfg = Debug|Any CPU
		{28559897-5DF1-45ED-A967-83FA2FA8660B}.Debug|Any CPU.Build.0 = Debug|Any CPU
		{28559897-5DF1-45ED-A967-83FA2FA8660B}.Release|Any CPU.ActiveCfg = Release|Any CPU
		{28559897-5DF1-45ED-A967-83FA2FA8660B}.Release|Any CPU.Build.0 = Release|Any CPU
		{61A84FFB-6C65-464F-8BCA-FB5B6C4A7D86}.Debug|Any CPU.ActiveCfg = Debug|Any CPU
		{61A84FFB-6C65-464F-8BCA-FB5B6C4A7D86}.Debug|Any CPU.Build.0 = Debug|Any CPU
		{61A84FFB-6C65-464F-8BCA-FB5B6C4A7D86}.Release|Any CPU.ActiveCfg = Release|Any CPU
		{61A84FFB-6C65-464F-8BCA-FB5B6C4A7D86}.Release|Any CPU.Build.0 = Release|Any CPU
		{4B87EEF4-4647-4406-9886-4F01EAE111B2}.Debug|Any CPU.ActiveCfg = Debug|Any CPU
		{4B87EEF4-4647-4406-9886-4F01EAE111B2}.Debug|Any CPU.Build.0 = Debug|Any CPU
		{4B87EEF4-4647-4406-9886-4F01EAE111B2}.Release|Any CPU.ActiveCfg = Release|Any CPU
		{4B87EEF4-4647-4406-9886-4F01EAE111B2}.Release|Any CPU.Build.0 = Release|Any CPU
	EndGlobalSection
EndGlobal
